
Microsoft Visual Studio Solution File, Format Version 12.00
# Visual Studio Version 17
VisualStudioVersion = 17.8.34004.107
MinimumVisualStudioVersion = 10.0.40219.1
Project("{9A19103F-16F7-4668-BE54-9A1E7A4F7556}") = "MetrobusWorkerService", "MetrobusWorkerService\MetrobusWorkerService.csproj", "{474E3C5A-F146-407F-83C4-90779D72F295}"
EndProject
Project("{9A19103F-16F7-4668-BE54-9A1E7A4F7556}") = "FunctionApp", "FunctionApp\FunctionApp.csproj", "{332F2751-FB8C-45A2-96DF-1D481FD05676}"
EndProject
Global
	GlobalSection(SolutionConfigurationPlatforms) = preSolution
		Debug|Any CPU = Debug|Any CPU
		Release|Any CPU = Release|Any CPU
	EndGlobalSection
	GlobalSection(ProjectConfigurationPlatforms) = postSolution
		{474E3C5A-F146-407F-83C4-90779D72F295}.Debug|Any CPU.ActiveCfg = Debug|Any CPU
		{474E3C5A-F146-407F-83C4-90779D72F295}.Debug|Any CPU.Build.0 = Debug|Any CPU
		{474E3C5A-F146-407F-83C4-90779D72F295}.Release|Any CPU.ActiveCfg = Release|Any CPU
		{474E3C5A-F146-407F-83C4-90779D72F295}.Release|Any CPU.Build.0 = Release|Any CPU
		{332F2751-FB8C-45A2-96DF-1D481FD05676}.Debug|Any CPU.ActiveCfg = Debug|Any CPU
		{332F2751-FB8C-45A2-96DF-1D481FD05676}.Debug|Any CPU.Build.0 = Debug|Any CPU
		{332F2751-FB8C-45A2-96DF-1D481FD05676}.Release|Any CPU.ActiveCfg = Release|Any CPU
		{332F2751-FB8C-45A2-96DF-1D481FD05676}.Release|Any CPU.Build.0 = Release|Any CPU
	EndGlobalSection
	GlobalSection(SolutionProperties) = preSolution
		HideSolutionNode = FALSE
	EndGlobalSection
	GlobalSection(ExtensibilityGlobals) = postSolution
		SolutionGuid = {0E61C62E-1CDD-42A5-A380-FF0C70FA7740}
	EndGlobalSection
EndGlobal
